{
  "name": "kish",
  "version": "1.0.0",
  "lockfileVersion": 3,
  "requires": true,
  "packages": {
    "": {
      "name": "kish",
      "version": "1.0.0",
      "license": "MIT",
      "dependencies": {
        "kishcore": "^1.0.3"
      }
    },
    "node_modules/kishcore": {
      "version": "1.0.38",
      "resolved": "https://registry.npmjs.org/kishcore/-/kishcore-1.0.38.tgz",
      "integrity": "sha512-nApTQmehXsbgxQ9zWHv+1b+dduBqwXGdoo5PaBKbFrYxW/CiQ5n3mXuvuePmAI83N+maAEVXIf25mMFfKozhZw=="
    }
  }
}
