{
  "name": "kish",
  "version": "1.1.0",
  "lockfileVersion": 3,
  "requires": true,
  "packages": {
    "": {
      "name": "kish",
      "version": "1.1.0",
      "license": "MIT",
      "dependencies": {
        "kishcore": "^1.14.38"
      }
    },
    "node_modules/kishcore": {
      "version": "1.14.38",
      "resolved": "https://registry.npmjs.org/kishcore/-/kishcore-1.14.38.tgz",
      "integrity": "sha512-RIgthg9Uymx2sXUtIyy4/JT/riP3QhVdyfeoqvJEYvgn9fHDTmHXAUZeAUviiHEQ0FStwCe5eEq7ETJtIobm0Q=="
    }
  }
}
