{
  "name": "kish",
  "version": "0.0.5",
  "lockfileVersion": 1,
  "requires": true,
  "dependencies": {
    "kish-core": {
      "version": "1.0.1",
      "dependencies": {
        "kish-core": {
          "dependencies": {
            "kish-core": {
              "dependencies": {}
            }
          }
        }
      }
    }
  }
}
